<?xml version="1.0" encoding="utf-8"?>
<Project ToolsVersion="4.0" xmlns="http://schemas.microsoft.com/developer/msbuild/2003">
  <ItemGroup>
    <Filter Include="Source Files">
      <UniqueIdentifier>{4FC737F1-C7A5-4376-A066-2A32D752A2FF}</UniqueIdentifier>
      <Extensions>cpp;c;cc;cxx;c++;cppm;ixx;def;odl;idl;hpj;bat;asm;asmx</Extensions>
    </Filter>
    <Filter Include="Header Files">
      <UniqueIdentifier>{93995380-89BD-4b04-88EB-625FBE52EBFB}</UniqueIdentifier>
      <Extensions>h;hh;hpp;hxx;h++;hm;inl;inc;ipp;xsd</Extensions>
    </Filter>
    <Filter Include="Resource Files">
      <UniqueIdentifier>{67DA6AB6-F800-4c08-8B7A-83BB121AAD01}</UniqueIdentifier>
      <Extensions>rc;ico;cur;bmp;dlg;rc2;rct;bin;rgs;gif;jpg;jpeg;jpe;resx;tiff;tif;png;wav;mfcribbon-ms</Extensions>
    </Filter>
  </ItemGroup>
  <ItemGroup>
    <ClInclude Include="Source\WIP\IStack.h">
      <Filter>Header Files</Filter>
    </ClInclude>
    <ClInclude Include="Source\WIP\IQueue.h">
      <Filter>Header Files</Filter>
    </ClInclude>
    <ClInclude Include="Source\concepts\list.h">
      <Filter>Header Files</Filter>
    </ClInclude>
    <ClInclude Include="Source\WIP\IPriorityQueue.h">
      <Filter>Header Files</Filter>
    </ClInclude>
    <ClInclude Include="Source\containers\LinkedList.h">
      <Filter>Header Files</Filter>
    </ClInclude>
    <ClInclude Include="Source\adapters\Queue.h">
      <Filter>Header Files</Filter>
    </ClInclude>
    <ClInclude Include="Source\adapters\Stack.h">
      <Filter>Header Files</Filter>
    </ClInclude>
    <ClInclude Include="Source\concepts\collection.h">
      <Filter>Header Files</Filter>
    </ClInclude>
    <ClInclude Include="Source\WIP\ITree.h">
      <Filter>Header Files</Filter>
    </ClInclude>
    <ClInclude Include="Source\WIP\BaseBinaryTree.h">
      <Filter>Header Files</Filter>
    </ClInclude>
    <ClInclude Include="Source\WIP\IBinaryTree.h">
      <Filter>Header Files</Filter>
    </ClInclude>
    <ClInclude Include="Source\WIP\BinarySearchTree.h">
      <Filter>Header Files</Filter>
    </ClInclude>
    <ClInclude Include="Source\adapters\TreeRangeAdapters.h">
      <Filter>Header Files</Filter>
    </ClInclude>
    <ClInclude Include="Source\WIP\AVLTree.h">
      <Filter>Header Files</Filter>
    </ClInclude>
    <ClInclude Include="Source\WIP\BaseHashTable.h">
      <Filter>Header Files</Filter>
    </ClInclude>
    <ClInclude Include="Source\WIP\IHashTable.h">
      <Filter>Header Files</Filter>
    </ClInclude>
    <ClInclude Include="Source\WIP\ForwardList.h">
      <Filter>Header Files</Filter>
    </ClInclude>
    <ClInclude Include="Source\WIP\ChainingHashTable.h">
      <Filter>Header Files</Filter>
    </ClInclude>
    <ClInclude Include="Source\WIP\OpenAddressingHashTable.h">
      <Filter>Header Files</Filter>
    </ClInclude>
    <ClInclude Include="Source\concepts\searchable.h">
      <Filter>Header Files</Filter>
    </ClInclude>
    <ClInclude Include="Source\concepts\indexable.h">
      <Filter>Header Files</Filter>
    </ClInclude>
    <ClInclude Include="Source\util\NamedType.h">
      <Filter>Header Files</Filter>
    </ClInclude>
    <ClInclude Include="Source\concepts\associative.h">
      <Filter>Header Files</Filter>
    </ClInclude>
    <ClInclude Include="Source\concepts\manages_memory.h">
      <Filter>Header Files</Filter>
    </ClInclude>
    <ClInclude Include="Source\concepts\streamable.h">
      <Filter>Header Files</Filter>
    </ClInclude>
    <ClInclude Include="Source\containers\StaticArray.h">
      <Filter>Header Files</Filter>
    </ClInclude>
    <ClInclude Include="Source\containers\DynamicArray.h">
      <Filter>Header Files</Filter>
    </ClInclude>
    <ClInclude Include="Source\concepts\printable.h">
      <Filter>Header Files</Filter>
    </ClInclude>
    <ClInclude Include="Source\util\CrtpUtils.h">
      <Filter>Header Files</Filter>
    </ClInclude>
    <ClInclude Include="Source\algorithms\collection_algorithms.h">
      <Filter>Header Files</Filter>
    </ClInclude>
    <ClInclude Include="Source\algorithms\search.h">
      <Filter>Header Files</Filter>
    </ClInclude>
    <ClInclude Include="Source\algorithms\arrays.h">
      <Filter>Header Files</Filter>
    </ClInclude>
  </ItemGroup>
</Project>