<?xml version="1.0" encoding="utf-8"?>
<Project ToolsVersion="4.0" xmlns="http://schemas.microsoft.com/developer/msbuild/2003">
  <ItemGroup>
    <ClCompile Include="..\packages\gmock.1.11.0\lib\native\src\gtest\src\gtest_main.cc" />
    <ClCompile Include="pch.cpp" />
  </ItemGroup>
  <ItemGroup>
    <ClInclude Include="pch.h" />
  </ItemGroup>
  <ItemGroup>
    <Filter Include="data_structure_tests">
      <UniqueIdentifier>{d8caa517-259c-42ac-a953-ca1fa916228f}</UniqueIdentifier>
    </Filter>
    <Filter Include="data_structure_tests\mocks">
      <UniqueIdentifier>{d2ce255f-7483-4e8f-80e9-cac29c87f6e4}</UniqueIdentifier>
    </Filter>
    <Filter Include="data_structure_tests\dynamic_array_tests">
      <UniqueIdentifier>{b3fba44d-6226-4712-99d1-f6fcd42a1a52}</UniqueIdentifier>
    </Filter>
    <Filter Include="data_structure_tests\linked_list_tests">
      <UniqueIdentifier>{c5da350e-37fb-45df-b6b7-d3e05ce3f006}</UniqueIdentifier>
    </Filter>
    <Filter Include="data_structure_tests\interface_test_suite_templates">
      <UniqueIdentifier>{c427024e-a4a4-43fb-be15-16648c81a2b6}</UniqueIdentifier>
    </Filter>
    <Filter Include="data_structure_tests\element_types">
      <UniqueIdentifier>{f6a2655a-5e0a-4b80-b1bf-a7333d8f3559}</UniqueIdentifier>
    </Filter>
  </ItemGroup>
</Project>